
Microsoft Visual Studio Solution File, Format Version 12.00
# Visual Studio Version 17
VisualStudioVersion = 17.4.33110.190
MinimumVisualStudioVersion = 10.0.40219.1
Project("{9A19103F-16F7-4668-BE54-9A1E7A4F7556}") = "WordSearch", "WordSearch\WordSearch.csproj", "{82201863-AB1E-4C03-861E-A071F9CD9889}"
EndProject
Project("{FAE04EC0-301F-11D3-BF4B-00C04F79EFBC}") = "WordSearch.Tests", "WordSearch.Tests\WordSearch.Tests.csproj", "{F57FC2B6-229C-426B-A9A3-D7B0D870EFCE}"
EndProject
Global
	GlobalSection(SolutionConfigurationPlatforms) = preSolution
		Debug|Any CPU = Debug|Any CPU
		Release|Any CPU = Release|Any CPU
	EndGlobalSection
	GlobalSection(ProjectConfigurationPlatforms) = postSolution
		{82201863-AB1E-4C03-861E-A071F9CD9889}.Debug|Any CPU.ActiveCfg = Debug|Any CPU
		{82201863-AB1E-4C03-861E-A071F9CD9889}.Debug|Any CPU.Build.0 = Debug|Any CPU
		{82201863-AB1E-4C03-861E-A071F9CD9889}.Release|Any CPU.ActiveCfg = Release|Any CPU
		{82201863-AB1E-4C03-861E-A071F9CD9889}.Release|Any CPU.Build.0 = Release|Any CPU
		{F57FC2B6-229C-426B-A9A3-D7B0D870EFCE}.Debug|Any CPU.ActiveCfg = Debug|Any CPU
		{F57FC2B6-229C-426B-A9A3-D7B0D870EFCE}.Debug|Any CPU.Build.0 = Debug|Any CPU
		{F57FC2B6-229C-426B-A9A3-D7B0D870EFCE}.Release|Any CPU.ActiveCfg = Release|Any CPU
		{F57FC2B6-229C-426B-A9A3-D7B0D870EFCE}.Release|Any CPU.Build.0 = Release|Any CPU
	EndGlobalSection
	GlobalSection(SolutionProperties) = preSolution
		HideSolutionNode = FALSE
	EndGlobalSection
	GlobalSection(ExtensibilityGlobals) = postSolution
		SolutionGuid = {0E722889-2C8C-41B1-A58B-89DEEE46CB0C}
	EndGlobalSection
EndGlobal
